<Solution>
  <Folder Name="/src/">
    <Project Path="src/CleanStart.Api/CleanStart.Api.csproj" />
    <Project Path="src/CleanStart.Application/CleanStart.Application.csproj" />
    <Project Path="src/CleanStart.Domain/CleanStart.Domain.csproj" />
    <Project Path="src/CleanStart.Infrastructure/CleanStart.Infrastructure.csproj" />
  </Folder>
  <Folder Name="/tests/">
    <Project Path="tests/CleanStart.Api.FunctionalTests/CleanStart.Api.FunctionalTests.csproj" />
    <Project Path="tests/CleanStart.Application.UnitTests/CleanStart.Application.UnitTests.csproj" />
    <Project Path="tests/CleanStart.ArchitectureTests/CleanStart.ArchitectureTests.csproj" />
    <Project Path="tests/CleanStart.Domain.UnitTests/CleanStart.Domain.UnitTests.csproj" />
    <Project Path="tests/CleanStart.Infrastructure.IntegrationTests/CleanStart.Infrastructure.IntegrationTests.csproj" />
  </Folder>
</Solution>
